
Microsoft Visual Studio Solution File, Format Version 12.00
# Visual Studio Version 16
VisualStudioVersion = 16.0.30717.126
MinimumVisualStudioVersion = 10.0.40219.1
Project("{FAE04EC0-301F-11D3-BF4B-00C04F79EFBC}") = "Day2", "Day2\Day2.csproj", "{08094326-D0BB-4D05-A7A1-93E83E12D75A}"
EndProject
Project("{FAE04EC0-301F-11D3-BF4B-00C04F79EFBC}") = "Day1", "Day1\Day1.csproj", "{499429DD-C0E4-4058-990F-1753DDA8FA58}"
EndProject
Project("{FAE04EC0-301F-11D3-BF4B-00C04F79EFBC}") = "Day3", "Day3\Day3.csproj", "{0DFA05E4-74C6-429A-810C-6BCC43AE9EE9}"
EndProject
Global
	GlobalSection(SolutionConfigurationPlatforms) = preSolution
		Debug|Any CPU = Debug|Any CPU
		Release|Any CPU = Release|Any CPU
	EndGlobalSection
	GlobalSection(ProjectConfigurationPlatforms) = postSolution
		{08094326-D0BB-4D05-A7A1-93E83E12D75A}.Debug|Any CPU.ActiveCfg = Debug|Any CPU
		{08094326-D0BB-4D05-A7A1-93E83E12D75A}.Debug|Any CPU.Build.0 = Debug|Any CPU
		{08094326-D0BB-4D05-A7A1-93E83E12D75A}.Release|Any CPU.ActiveCfg = Release|Any CPU
		{08094326-D0BB-4D05-A7A1-93E83E12D75A}.Release|Any CPU.Build.0 = Release|Any CPU
		{499429DD-C0E4-4058-990F-1753DDA8FA58}.Debug|Any CPU.ActiveCfg = Debug|Any CPU
		{499429DD-C0E4-4058-990F-1753DDA8FA58}.Debug|Any CPU.Build.0 = Debug|Any CPU
		{499429DD-C0E4-4058-990F-1753DDA8FA58}.Release|Any CPU.ActiveCfg = Release|Any CPU
		{499429DD-C0E4-4058-990F-1753DDA8FA58}.Release|Any CPU.Build.0 = Release|Any CPU
		{0DFA05E4-74C6-429A-810C-6BCC43AE9EE9}.Debug|Any CPU.ActiveCfg = Debug|Any CPU
		{0DFA05E4-74C6-429A-810C-6BCC43AE9EE9}.Debug|Any CPU.Build.0 = Debug|Any CPU
		{0DFA05E4-74C6-429A-810C-6BCC43AE9EE9}.Release|Any CPU.ActiveCfg = Release|Any CPU
		{0DFA05E4-74C6-429A-810C-6BCC43AE9EE9}.Release|Any CPU.Build.0 = Release|Any CPU
	EndGlobalSection
	GlobalSection(SolutionProperties) = preSolution
		HideSolutionNode = FALSE
	EndGlobalSection
	GlobalSection(ExtensibilityGlobals) = postSolution
		SolutionGuid = {14999A09-6659-4E53-A4B6-5A016D1A5702}
	EndGlobalSection
EndGlobal
